# This file is automatically @generated by Poetry 1.8.3 and should not be changed by hand.

[[package]]
name = "rerole-lib"
version = "0.3.0"
description = "A library for interacting with Pathfinder 1E character sheet data."
optional = false
python-versions = "<4.0,>=3.12"
files = [
    {file = "rerole_lib-0.3.0-py3-none-any.whl", hash = "sha256:618dc64ef4c0b702ceaade26f8972708b650051a50a4346fb59e8fe20e3ce270"},
    {file = "rerole_lib-0.3.0.tar.gz", hash = "sha256:3e40153f7cb57173e668e9cc857aea98dbbc2ed914b0477d39334292aab163e0"},
]

[metadata]
lock-version = "2.0"
python-versions = "^3.12"
content-hash = "a89916d9b2c6124d6b4f052e481f5d04262a1d9d0692d39cf66da5a85dd3780d"
